
Microsoft Visual Studio Solution File, Format Version 12.00
# Visual Studio Version 17
VisualStudioVersion = 17.3.32819.101
MinimumVisualStudioVersion = 10.0.40219.1
Project("{FAE04EC0-301F-11D3-BF4B-00C04F79EFBC}") = "ClassLibrary1", "ClassLibrary1\ClassLibrary1.csproj", "{5B3090B3-D2B6-4678-8A82-5ABC13123B74}"
EndProject
Project("{FAE04EC0-301F-11D3-BF4B-00C04F79EFBC}") = "Host", "Host\Host.csproj", "{9BF79755-E57C-4B0F-B1BD-E2A5AB173420}"
EndProject
Project("{FAE04EC0-301F-11D3-BF4B-00C04F79EFBC}") = "WindowsFormsApp1", "WindowsFormsApp1\WindowsFormsApp1.csproj", "{DF74E9C8-1E03-4018-8533-44A724AA75C4}"
EndProject
Global
	GlobalSection(SolutionConfigurationPlatforms) = preSolution
		Debug|Any CPU = Debug|Any CPU
		Release|Any CPU = Release|Any CPU
	EndGlobalSection
	GlobalSection(ProjectConfigurationPlatforms) = postSolution
		{5B3090B3-D2B6-4678-8A82-5ABC13123B74}.Debug|Any CPU.ActiveCfg = Debug|Any CPU
		{5B3090B3-D2B6-4678-8A82-5ABC13123B74}.Debug|Any CPU.Build.0 = Debug|Any CPU
		{5B3090B3-D2B6-4678-8A82-5ABC13123B74}.Release|Any CPU.ActiveCfg = Release|Any CPU
		{5B3090B3-D2B6-4678-8A82-5ABC13123B74}.Release|Any CPU.Build.0 = Release|Any CPU
		{9BF79755-E57C-4B0F-B1BD-E2A5AB173420}.Debug|Any CPU.ActiveCfg = Debug|Any CPU
		{9BF79755-E57C-4B0F-B1BD-E2A5AB173420}.Debug|Any CPU.Build.0 = Debug|Any CPU
		{9BF79755-E57C-4B0F-B1BD-E2A5AB173420}.Release|Any CPU.ActiveCfg = Release|Any CPU
		{9BF79755-E57C-4B0F-B1BD-E2A5AB173420}.Release|Any CPU.Build.0 = Release|Any CPU
		{DF74E9C8-1E03-4018-8533-44A724AA75C4}.Debug|Any CPU.ActiveCfg = Debug|Any CPU
		{DF74E9C8-1E03-4018-8533-44A724AA75C4}.Debug|Any CPU.Build.0 = Debug|Any CPU
		{DF74E9C8-1E03-4018-8533-44A724AA75C4}.Release|Any CPU.ActiveCfg = Release|Any CPU
		{DF74E9C8-1E03-4018-8533-44A724AA75C4}.Release|Any CPU.Build.0 = Release|Any CPU
	EndGlobalSection
	GlobalSection(SolutionProperties) = preSolution
		HideSolutionNode = FALSE
	EndGlobalSection
	GlobalSection(ExtensibilityGlobals) = postSolution
		SolutionGuid = {0AAE701F-FCDA-4385-8116-54D24F62D22F}
	EndGlobalSection
EndGlobal
